Microsoft Visual Studio Solution File, Format Version 12.00
# Visual Studio Version 17
VisualStudioVersion = 17.5.2.0
MinimumVisualStudioVersion = 10.0.40219.1
Project("{FAE04EC0-301F-11D3-BF4B-00C04F79EFBC}") = "Variables", "Variables\Variables.csproj", "{73A37665-115A-6C9C-33EA-44C594002D0C}"
EndProject
Project("{FAE04EC0-301F-11D3-BF4B-00C04F79EFBC}") = "Definitions", "..\Definitions\Definitions.csproj", "{260E8CF7-66F1-44E5-98AF-A0C1BBD7731C}"
EndProject
Project("{FAE04EC0-301F-11D3-BF4B-00C04F79EFBC}") = "ForIteration", "..\ForIteration\ForIteration.csproj", "{3EC13BEB-0408-4391-B6A3-2D9EC17FB729}"
EndProject
Global
	GlobalSection(SolutionConfigurationPlatforms) = preSolution
		Debug|Any CPU = Debug|Any CPU
		Release|Any CPU = Release|Any CPU
	EndGlobalSection
	GlobalSection(ProjectConfigurationPlatforms) = postSolution
		{73A37665-115A-6C9C-33EA-44C594002D0C}.Debug|Any CPU.ActiveCfg = Debug|Any CPU
		{73A37665-115A-6C9C-33EA-44C594002D0C}.Debug|Any CPU.Build.0 = Debug|Any CPU
		{73A37665-115A-6C9C-33EA-44C594002D0C}.Release|Any CPU.ActiveCfg = Release|Any CPU
		{73A37665-115A-6C9C-33EA-44C594002D0C}.Release|Any CPU.Build.0 = Release|Any CPU
		{260E8CF7-66F1-44E5-98AF-A0C1BBD7731C}.Debug|Any CPU.ActiveCfg = Debug|Any CPU
		{260E8CF7-66F1-44E5-98AF-A0C1BBD7731C}.Debug|Any CPU.Build.0 = Debug|Any CPU
		{260E8CF7-66F1-44E5-98AF-A0C1BBD7731C}.Release|Any CPU.ActiveCfg = Release|Any CPU
		{260E8CF7-66F1-44E5-98AF-A0C1BBD7731C}.Release|Any CPU.Build.0 = Release|Any CPU
		{3EC13BEB-0408-4391-B6A3-2D9EC17FB729}.Debug|Any CPU.ActiveCfg = Debug|Any CPU
		{3EC13BEB-0408-4391-B6A3-2D9EC17FB729}.Debug|Any CPU.Build.0 = Debug|Any CPU
		{3EC13BEB-0408-4391-B6A3-2D9EC17FB729}.Release|Any CPU.ActiveCfg = Release|Any CPU
		{3EC13BEB-0408-4391-B6A3-2D9EC17FB729}.Release|Any CPU.Build.0 = Release|Any CPU
	EndGlobalSection
	GlobalSection(SolutionProperties) = preSolution
		HideSolutionNode = FALSE
	EndGlobalSection
	GlobalSection(ExtensibilityGlobals) = postSolution
		SolutionGuid = {DBD09B64-B77E-442A-A040-2978874C3D5B}
	EndGlobalSection
EndGlobal
